// !$*UTF8*$!
{
	archiveVersion = 1;
	classes = {
	};
	objectVersion = 46;
	objects = {

/* Begin PBXBuildFile section */
		A1B151571B85ABEA005E1275 /* MicrosoftBandKit_iOS.framework in Frameworks */ = {isa = PBXBuildFile; fileRef = A1B151541B85ABEA005E1275 /* MicrosoftBandKit_iOS.framework */; };
		A1CFE8FC1B858F8B00E26689 /* AppDelegate.swift in Sources */ = {isa = PBXBuildFile; fileRef = A1CFE8FB1B858F8A00E26689 /* AppDelegate.swift */; };
		A1CFE8FE1B858F8B00E26689 /* ViewController.swift in Sources */ = {isa = PBXBuildFile; fileRef = A1CFE8FD1B858F8B00E26689 /* ViewController.swift */; };
		A1CFE9011B858F8B00E26689 /* Main.storyboard in Resources */ = {isa = PBXBuildFile; fileRef = A1CFE8FF1B858F8B00E26689 /* Main.storyboard */; };
		A1CFE9031B858F8B00E26689 /* Assets.xcassets in Resources */ = {isa = PBXBuildFile; fileRef = A1CFE9021B858F8B00E26689 /* Assets.xcassets */; };
		A1CFE9061B858F8B00E26689 /* LaunchScreen.storyboard in Resources */ = {isa = PBXBuildFile; fileRef = A1CFE9041B858F8B00E26689 /* LaunchScreen.storyboard */; };
		A1F1F8961BB3167600BBD60F /* MicrosoftBandKit_iOS.framework in Frameworks */ = {isa = PBXBuildFile; fileRef = A1F1F88F1BB3167600BBD60F /* MicrosoftBandKit_iOS.framework */; settings = {ASSET_TAGS = (); }; };
		A1F1F8971BB3167600BBD60F /* WKDevice.swift in Sources */ = {isa = PBXBuildFile; fileRef = A1F1F8901BB3167600BBD60F /* WKDevice.swift */; settings = {ASSET_TAGS = (); }; };
		A1F1F8981BB3167600BBD60F /* WKDeviceDelegate.swift in Sources */ = {isa = PBXBuildFile; fileRef = A1F1F8911BB3167600BBD60F /* WKDeviceDelegate.swift */; settings = {ASSET_TAGS = (); }; };
		A1F1F8991BB3167600BBD60F /* WKMicrosoftBand.swift in Sources */ = {isa = PBXBuildFile; fileRef = A1F1F8921BB3167600BBD60F /* WKMicrosoftBand.swift */; settings = {ASSET_TAGS = (); }; };
		A1F1F89A1BB3167600BBD60F /* WKNotifications.swift in Sources */ = {isa = PBXBuildFile; fileRef = A1F1F8931BB3167600BBD60F /* WKNotifications.swift */; settings = {ASSET_TAGS = (); }; };
		A1F1F89B1BB3167600BBD60F /* WKNotificationType.swift in Sources */ = {isa = PBXBuildFile; fileRef = A1F1F8941BB3167600BBD60F /* WKNotificationType.swift */; settings = {ASSET_TAGS = (); }; };
		A1F1F89C1BB3167600BBD60F /* WKSensor.swift in Sources */ = {isa = PBXBuildFile; fileRef = A1F1F8951BB3167600BBD60F /* WKSensor.swift */; settings = {ASSET_TAGS = (); }; };
/* End PBXBuildFile section */

/* Begin PBXFileReference section */
		A1B151541B85ABEA005E1275 /* MicrosoftBandKit_iOS.framework */ = {isa = PBXFileReference; lastKnownFileType = wrapper.framework; name = MicrosoftBandKit_iOS.framework; path = WearableKit/MicrosoftBandKit_iOS.framework; sourceTree = "<group>"; };
		A1CFE8F81B858F8A00E26689 /* WearableKit.app */ = {isa = PBXFileReference; explicitFileType = wrapper.application; includeInIndex = 0; path = WearableKit.app; sourceTree = BUILT_PRODUCTS_DIR; };
		A1CFE8FB1B858F8A00E26689 /* AppDelegate.swift */ = {isa = PBXFileReference; lastKnownFileType = sourcecode.swift; path = AppDelegate.swift; sourceTree = "<group>"; };
		A1CFE8FD1B858F8B00E26689 /* ViewController.swift */ = {isa = PBXFileReference; lastKnownFileType = sourcecode.swift; path = ViewController.swift; sourceTree = "<group>"; };
		A1CFE9001B858F8B00E26689 /* Base */ = {isa = PBXFileReference; lastKnownFileType = file.storyboard; name = Base; path = Base.lproj/Main.storyboard; sourceTree = "<group>"; };
		A1CFE9021B858F8B00E26689 /* Assets.xcassets */ = {isa = PBXFileReference; lastKnownFileType = folder.assetcatalog; path = Assets.xcassets; sourceTree = "<group>"; };
		A1CFE9051B858F8B00E26689 /* Base */ = {isa = PBXFileReference; lastKnownFileType = file.storyboard; name = Base; path = Base.lproj/LaunchScreen.storyboard; sourceTree = "<group>"; };
		A1CFE9071B858F8B00E26689 /* Info.plist */ = {isa = PBXFileReference; lastKnownFileType = text.plist.xml; path = Info.plist; sourceTree = "<group>"; };
		A1F1F88E1BB3167600BBD60F /* BridgingHeader.h */ = {isa = PBXFileReference; fileEncoding = 4; lastKnownFileType = sourcecode.c.h; path = BridgingHeader.h; sourceTree = "<group>"; };
		A1F1F88F1BB3167600BBD60F /* MicrosoftBandKit_iOS.framework */ = {isa = PBXFileReference; lastKnownFileType = wrapper.framework; path = MicrosoftBandKit_iOS.framework; sourceTree = "<group>"; };
		A1F1F8901BB3167600BBD60F /* WKDevice.swift */ = {isa = PBXFileReference; fileEncoding = 4; lastKnownFileType = sourcecode.swift; path = WKDevice.swift; sourceTree = "<group>"; };
		A1F1F8911BB3167600BBD60F /* WKDeviceDelegate.swift */ = {isa = PBXFileReference; fileEncoding = 4; lastKnownFileType = sourcecode.swift; path = WKDeviceDelegate.swift; sourceTree = "<group>"; };
		A1F1F8921BB3167600BBD60F /* WKMicrosoftBand.swift */ = {isa = PBXFileReference; fileEncoding = 4; lastKnownFileType = sourcecode.swift; path = WKMicrosoftBand.swift; sourceTree = "<group>"; };
		A1F1F8931BB3167600BBD60F /* WKNotifications.swift */ = {isa = PBXFileReference; fileEncoding = 4; lastKnownFileType = sourcecode.swift; path = WKNotifications.swift; sourceTree = "<group>"; };
		A1F1F8941BB3167600BBD60F /* WKNotificationType.swift */ = {isa = PBXFileReference; fileEncoding = 4; lastKnownFileType = sourcecode.swift; path = WKNotificationType.swift; sourceTree = "<group>"; };
		A1F1F8951BB3167600BBD60F /* WKSensor.swift */ = {isa = PBXFileReference; fileEncoding = 4; lastKnownFileType = sourcecode.swift; path = WKSensor.swift; sourceTree = "<group>"; };
/* End PBXFileReference section */

/* Begin PBXFrameworksBuildPhase section */
		A1CFE8F51B858F8A00E26689 /* Frameworks */ = {
			isa = PBXFrameworksBuildPhase;
			buildActionMask = 2147483647;
			files = (
				A1B151571B85ABEA005E1275 /* MicrosoftBandKit_iOS.framework in Frameworks */,
				A1F1F8961BB3167600BBD60F /* MicrosoftBandKit_iOS.framework in Frameworks */,
			);
			runOnlyForDeploymentPostprocessing = 0;
		};
/* End PBXFrameworksBuildPhase section */

/* Begin PBXGroup section */
		A1CFE8EF1B858F8A00E26689 = {
			isa = PBXGroup;
			children = (
				A1CFE8FA1B858F8A00E26689 /* WearableKit */,
				A1CFE8F91B858F8A00E26689 /* Products */,
			);
			sourceTree = "<group>";
		};
		A1CFE8F91B858F8A00E26689 /* Products */ = {
			isa = PBXGroup;
			children = (
				A1CFE8F81B858F8A00E26689 /* WearableKit.app */,
			);
			name = Products;
			sourceTree = "<group>";
		};
		A1CFE8FA1B858F8A00E26689 /* WearableKit */ = {
			isa = PBXGroup;
			children = (
				A1F1F88D1BB3167600BBD60F /* WearableKit */,
				A1B151541B85ABEA005E1275 /* MicrosoftBandKit_iOS.framework */,
				A1CFE9111B858FD200E26689 /* SupportingFile */,
			);
			path = WearableKit;
			sourceTree = "<group>";
		};
		A1CFE9111B858FD200E26689 /* SupportingFile */ = {
			isa = PBXGroup;
			children = (
				A1CFE8FB1B858F8A00E26689 /* AppDelegate.swift */,
				A1CFE8FD1B858F8B00E26689 /* ViewController.swift */,
				A1CFE8FF1B858F8B00E26689 /* Main.storyboard */,
				A1CFE9021B858F8B00E26689 /* Assets.xcassets */,
				A1CFE9041B858F8B00E26689 /* LaunchScreen.storyboard */,
				A1CFE9071B858F8B00E26689 /* Info.plist */,
			);
			name = SupportingFile;
			sourceTree = "<group>";
		};
		A1F1F88D1BB3167600BBD60F /* WearableKit */ = {
			isa = PBXGroup;
			children = (
				A1F1F88E1BB3167600BBD60F /* BridgingHeader.h */,
				A1F1F88F1BB3167600BBD60F /* MicrosoftBandKit_iOS.framework */,
				A1F1F8901BB3167600BBD60F /* WKDevice.swift */,
				A1F1F8911BB3167600BBD60F /* WKDeviceDelegate.swift */,
				A1F1F8921BB3167600BBD60F /* WKMicrosoftBand.swift */,
				A1F1F8931BB3167600BBD60F /* WKNotifications.swift */,
				A1F1F8941BB3167600BBD60F /* WKNotificationType.swift */,
				A1F1F8951BB3167600BBD60F /* WKSensor.swift */,
			);
			path = WearableKit;
			sourceTree = "<group>";
		};
/* End PBXGroup section */

/* Begin PBXNativeTarget section */
		A1CFE8F71B858F8A00E26689 /* WearableKit */ = {
			isa = PBXNativeTarget;
			buildConfigurationList = A1CFE90A1B858F8B00E26689 /* Build configuration list for PBXNativeTarget "WearableKit" */;
			buildPhases = (
				A1CFE8F41B858F8A00E26689 /* Sources */,
				A1CFE8F51B858F8A00E26689 /* Frameworks */,
				A1CFE8F61B858F8A00E26689 /* Resources */,
			);
			buildRules = (
			);
			dependencies = (
			);
			name = WearableKit;
			productName = WearableKit;
			productReference = A1CFE8F81B858F8A00E26689 /* WearableKit.app */;
			productType = "com.apple.product-type.application";
		};
/* End PBXNativeTarget section */

/* Begin PBXProject section */
		A1CFE8F01B858F8A00E26689 /* Project object */ = {
			isa = PBXProject;
			attributes = {
				LastUpgradeCheck = 0700;
				ORGANIZATIONNAME = SenseWatch;
				TargetAttributes = {
					A1CFE8F71B858F8A00E26689 = {
						CreatedOnToolsVersion = 7.0;
					};
				};
			};
			buildConfigurationList = A1CFE8F31B858F8A00E26689 /* Build configuration list for PBXProject "WearableKit" */;
			compatibilityVersion = "Xcode 3.2";
			developmentRegion = English;
			hasScannedForEncodings = 0;
			knownRegions = (
				en,
				Base,
			);
			mainGroup = A1CFE8EF1B858F8A00E26689;
			productRefGroup = A1CFE8F91B858F8A00E26689 /* Products */;
			projectDirPath = "";
			projectRoot = "";
			targets = (
				A1CFE8F71B858F8A00E26689 /* WearableKit */,
			);
		};
/* End PBXProject section */

/* Begin PBXResourcesBuildPhase section */
		A1CFE8F61B858F8A00E26689 /* Resources */ = {
			isa = PBXResourcesBuildPhase;
			buildActionMask = 2147483647;
			files = (
				A1CFE9061B858F8B00E26689 /* LaunchScreen.storyboard in Resources */,
				A1CFE9031B858F8B00E26689 /* Assets.xcassets in Resources */,
				A1CFE9011B858F8B00E26689 /* Main.storyboard in Resources */,
			);
			runOnlyForDeploymentPostprocessing = 0;
		};
/* End PBXResourcesBuildPhase section */

/* Begin PBXSourcesBuildPhase section */
		A1CFE8F41B858F8A00E26689 /* Sources */ = {
			isa = PBXSourcesBuildPhase;
			buildActionMask = 2147483647;
			files = (
				A1F1F89B1BB3167600BBD60F /* WKNotificationType.swift in Sources */,
				A1CFE8FE1B858F8B00E26689 /* ViewController.swift in Sources */,
				A1CFE8FC1B858F8B00E26689 /* AppDelegate.swift in Sources */,
				A1F1F8991BB3167600BBD60F /* WKMicrosoftBand.swift in Sources */,
				A1F1F8981BB3167600BBD60F /* WKDeviceDelegate.swift in Sources */,
				A1F1F89C1BB3167600BBD60F /* WKSensor.swift in Sources */,
				A1F1F89A1BB3167600BBD60F /* WKNotifications.swift in Sources */,
				A1F1F8971BB3167600BBD60F /* WKDevice.swift in Sources */,
			);
			runOnlyForDeploymentPostprocessing = 0;
		};
/* End PBXSourcesBuildPhase section */

/* Begin PBXVariantGroup section */
		A1CFE8FF1B858F8B00E26689 /* Main.storyboard */ = {
			isa = PBXVariantGroup;
			children = (
				A1CFE9001B858F8B00E26689 /* Base */,
			);
			name = Main.storyboard;
			sourceTree = "<group>";
		};
		A1CFE9041B858F8B00E26689 /* LaunchScreen.storyboard */ = {
			isa = PBXVariantGroup;
			children = (
				A1CFE9051B858F8B00E26689 /* Base */,
			);
			name = LaunchScreen.storyboard;
			sourceTree = "<group>";
		};
/* End PBXVariantGroup section */

/* Begin XCBuildConfiguration section */
		A1CFE9081B858F8B00E26689 /* Debug */ = {
			isa = XCBuildConfiguration;
			buildSettings = {
				ALWAYS_SEARCH_USER_PATHS = NO;
				CLANG_CXX_LANGUAGE_STANDARD = "gnu++0x";
				CLANG_CXX_LIBRARY = "libc++";
				CLANG_ENABLE_MODULES = YES;
				CLANG_ENABLE_OBJC_ARC = YES;
				CLANG_WARN_BOOL_CONVERSION = YES;
				CLANG_WARN_CONSTANT_CONVERSION = YES;
				CLANG_WARN_DIRECT_OBJC_ISA_USAGE = YES_ERROR;
				CLANG_WARN_EMPTY_BODY = YES;
				CLANG_WARN_ENUM_CONVERSION = YES;
				CLANG_WARN_INT_CONVERSION = YES;
				CLANG_WARN_OBJC_ROOT_CLASS = YES_ERROR;
				CLANG_WARN_UNREACHABLE_CODE = YES;
				CLANG_WARN__DUPLICATE_METHOD_MATCH = YES;
				"CODE_SIGN_IDENTITY[sdk=iphoneos*]" = "iPhone Developer";
				COPY_PHASE_STRIP = NO;
				DEBUG_INFORMATION_FORMAT = dwarf;
				ENABLE_STRICT_OBJC_MSGSEND = YES;
				ENABLE_TESTABILITY = YES;
				GCC_C_LANGUAGE_STANDARD = gnu99;
				GCC_DYNAMIC_NO_PIC = NO;
				GCC_NO_COMMON_BLOCKS = YES;
				GCC_OPTIMIZATION_LEVEL = 0;
				GCC_PREPROCESSOR_DEFINITIONS = (
					"DEBUG=1",
					"$(inherited)",
				);
				GCC_WARN_64_TO_32_BIT_CONVERSION = YES;
				GCC_WARN_ABOUT_RETURN_TYPE = YES_ERROR;
				GCC_WARN_UNDECLARED_SELECTOR = YES;
				GCC_WARN_UNINITIALIZED_AUTOS = YES_AGGRESSIVE;
				GCC_WARN_UNUSED_FUNCTION = YES;
				GCC_WARN_UNUSED_VARIABLE = YES;
				IPHONEOS_DEPLOYMENT_TARGET = 9.0;
				MTL_ENABLE_DEBUG_INFO = YES;
				ONLY_ACTIVE_ARCH = YES;
				SDKROOT = iphoneos;
				SWIFT_OPTIMIZATION_LEVEL = "-Onone";
				TARGETED_DEVICE_FAMILY = "1,2";
			};
			name = Debug;
		};
		A1CFE9091B858F8B00E26689 /* Release */ = {
			isa = XCBuildConfiguration;
			buildSettings = {
				ALWAYS_SEARCH_USER_PATHS = NO;
				CLANG_CXX_LANGUAGE_STANDARD = "gnu++0x";
				CLANG_CXX_LIBRARY = "libc++";
				CLANG_ENABLE_MODULES = YES;
				CLANG_ENABLE_OBJC_ARC = YES;
				CLANG_WARN_BOOL_CONVERSION = YES;
				CLANG_WARN_CONSTANT_CONVERSION = YES;
				CLANG_WARN_DIRECT_OBJC_ISA_USAGE = YES_ERROR;
				CLANG_WARN_EMPTY_BODY = YES;
				CLANG_WARN_ENUM_CONVERSION = YES;
				CLANG_WARN_INT_CONVERSION = YES;
				CLANG_WARN_OBJC_ROOT_CLASS = YES_ERROR;
				CLANG_WARN_UNREACHABLE_CODE = YES;
				CLANG_WARN__DUPLICATE_METHOD_MATCH = YES;
				"CODE_SIGN_IDENTITY[sdk=iphoneos*]" = "iPhone Developer";
				COPY_PHASE_STRIP = NO;
				DEBUG_INFORMATION_FORMAT = "dwarf-with-dsym";
				ENABLE_NS_ASSERTIONS = NO;
				ENABLE_STRICT_OBJC_MSGSEND = YES;
				GCC_C_LANGUAGE_STANDARD = gnu99;
				GCC_NO_COMMON_BLOCKS = YES;
				GCC_WARN_64_TO_32_BIT_CONVERSION = YES;
				GCC_WARN_ABOUT_RETURN_TYPE = YES_ERROR;
				GCC_WARN_UNDECLARED_SELECTOR = YES;
				GCC_WARN_UNINITIALIZED_AUTOS = YES_AGGRESSIVE;
				GCC_WARN_UNUSED_FUNCTION = YES;
				GCC_WARN_UNUSED_VARIABLE = YES;
				IPHONEOS_DEPLOYMENT_TARGET = 9.0;
				MTL_ENABLE_DEBUG_INFO = NO;
				SDKROOT = iphoneos;
				TARGETED_DEVICE_FAMILY = "1,2";
				VALIDATE_PRODUCT = YES;
			};
			name = Release;
		};
		A1CFE90B1B858F8B00E26689 /* Debug */ = {
			isa = XCBuildConfiguration;
			buildSettings = {
				ASSETCATALOG_COMPILER_APPICON_NAME = AppIcon;
				FRAMEWORK_SEARCH_PATHS = (
					"$(inherited)",
					"$(PROJECT_DIR)/WearableKit",
					"$(PROJECT_DIR)",
					"$(PROJECT_DIR)/WearableKit/WearableKit",
				);
				INFOPLIST_FILE = WearableKit/Info.plist;
				LD_RUNPATH_SEARCH_PATHS = "$(inherited) @executable_path/Frameworks";
				OTHER_LDFLAGS = "-ObjC";
				PRODUCT_BUNDLE_IDENTIFIER = com.SenseWatch.WearableKit;
				PRODUCT_NAME = "$(TARGET_NAME)";
				SWIFT_OBJC_BRIDGING_HEADER = WearableKit/WearableKit/BridgingHeader.h;
				USER_HEADER_SEARCH_PATHS = "";
			};
			name = Debug;
		};
		A1CFE90C1B858F8B00E26689 /* Release */ = {
			isa = XCBuildConfiguration;
			buildSettings = {
				ASSETCATALOG_COMPILER_APPICON_NAME = AppIcon;
				FRAMEWORK_SEARCH_PATHS = (
					"$(inherited)",
					"$(PROJECT_DIR)/WearableKit",
					"$(PROJECT_DIR)",
					"$(PROJECT_DIR)/WearableKit/WearableKit",
				);
				INFOPLIST_FILE = WearableKit/Info.plist;
				LD_RUNPATH_SEARCH_PATHS = "$(inherited) @executable_path/Frameworks";
				OTHER_LDFLAGS = "-ObjC";
				PRODUCT_BUNDLE_IDENTIFIER = com.SenseWatch.WearableKit;
				PRODUCT_NAME = "$(TARGET_NAME)";
				SWIFT_OBJC_BRIDGING_HEADER = WearableKit/WearableKit/BridgingHeader.h;
				USER_HEADER_SEARCH_PATHS = "";
			};
			name = Release;
		};
/* End XCBuildConfiguration section */

/* Begin XCConfigurationList section */
		A1CFE8F31B858F8A00E26689 /* Build configuration list for PBXProject "WearableKit" */ = {
			isa = XCConfigurationList;
			buildConfigurations = (
				A1CFE9081B858F8B00E26689 /* Debug */,
				A1CFE9091B858F8B00E26689 /* Release */,
			);
			defaultConfigurationIsVisible = 0;
			defaultConfigurationName = Release;
		};
		A1CFE90A1B858F8B00E26689 /* Build configuration list for PBXNativeTarget "WearableKit" */ = {
			isa = XCConfigurationList;
			buildConfigurations = (
				A1CFE90B1B858F8B00E26689 /* Debug */,
				A1CFE90C1B858F8B00E26689 /* Release */,
			);
			defaultConfigurationIsVisible = 0;
			defaultConfigurationName = Release;
		};
/* End XCConfigurationList section */
	};
	rootObject = A1CFE8F01B858F8A00E26689 /* Project object */;
}
